// !$*UTF8*$!
{
	archiveVersion = 1;
	classes = {
	};
	objectVersion = 46;
	objects = {

/* Begin PBXBuildFile section */
		B3311E701E8CBCB7009EB929 /* AppDelegate.swift in Sources */ = {isa = PBXBuildFile; fileRef = B3311E6F1E8CBCB7009EB929 /* AppDelegate.swift */; };
		B3311E721E8CBCB7009EB929 /* ViewController.swift in Sources */ = {isa = PBXBuildFile; fileRef = B3311E711E8CBCB7009EB929 /* ViewController.swift */; };
		B3311E751E8CBCB7009EB929 /* Main.storyboard in Resources */ = {isa = PBXBuildFile; fileRef = B3311E731E8CBCB7009EB929 /* Main.storyboard */; };
		B3311E771E8CBCB7009EB929 /* Assets.xcassets in Resources */ = {isa = PBXBuildFile; fileRef = B3311E761E8CBCB7009EB929 /* Assets.xcassets */; };
		B3311E7A1E8CBCB7009EB929 /* LaunchScreen.storyboard in Resources */ = {isa = PBXBuildFile; fileRef = B3311E781E8CBCB7009EB929 /* LaunchScreen.storyboard */; };
		B3311E851E8CBCB8009EB929 /* TumblrTests.swift in Sources */ = {isa = PBXBuildFile; fileRef = B3311E841E8CBCB8009EB929 /* TumblrTests.swift */; };
		B3311E901E8CBCB8009EB929 /* TumblrUITests.swift in Sources */ = {isa = PBXBuildFile; fileRef = B3311E8F1E8CBCB8009EB929 /* TumblrUITests.swift */; };
/* End PBXBuildFile section */

/* Begin PBXContainerItemProxy section */
		B3311E811E8CBCB8009EB929 /* PBXContainerItemProxy */ = {
			isa = PBXContainerItemProxy;
			containerPortal = B3311E641E8CBCB7009EB929 /* Project object */;
			proxyType = 1;
			remoteGlobalIDString = B3311E6B1E8CBCB7009EB929;
			remoteInfo = Tumblr;
		};
		B3311E8C1E8CBCB8009EB929 /* PBXContainerItemProxy */ = {
			isa = PBXContainerItemProxy;
			containerPortal = B3311E641E8CBCB7009EB929 /* Project object */;
			proxyType = 1;
			remoteGlobalIDString = B3311E6B1E8CBCB7009EB929;
			remoteInfo = Tumblr;
		};
/* End PBXContainerItemProxy section */

/* Begin PBXFileReference section */
		B3311E6C1E8CBCB7009EB929 /* Tumblr.app */ = {isa = PBXFileReference; explicitFileType = wrapper.application; includeInIndex = 0; path = Tumblr.app; sourceTree = BUILT_PRODUCTS_DIR; };
		B3311E6F1E8CBCB7009EB929 /* AppDelegate.swift */ = {isa = PBXFileReference; lastKnownFileType = sourcecode.swift; path = AppDelegate.swift; sourceTree = "<group>"; };
		B3311E711E8CBCB7009EB929 /* ViewController.swift */ = {isa = PBXFileReference; lastKnownFileType = sourcecode.swift; path = ViewController.swift; sourceTree = "<group>"; };
		B3311E741E8CBCB7009EB929 /* Base */ = {isa = PBXFileReference; lastKnownFileType = file.storyboard; name = Base; path = Base.lproj/Main.storyboard; sourceTree = "<group>"; };
		B3311E761E8CBCB7009EB929 /* Assets.xcassets */ = {isa = PBXFileReference; lastKnownFileType = folder.assetcatalog; path = Assets.xcassets; sourceTree = "<group>"; };
		B3311E791E8CBCB7009EB929 /* Base */ = {isa = PBXFileReference; lastKnownFileType = file.storyboard; name = Base; path = Base.lproj/LaunchScreen.storyboard; sourceTree = "<group>"; };
		B3311E7B1E8CBCB7009EB929 /* Info.plist */ = {isa = PBXFileReference; lastKnownFileType = text.plist.xml; path = Info.plist; sourceTree = "<group>"; };
		B3311E801E8CBCB8009EB929 /* TumblrTests.xctest */ = {isa = PBXFileReference; explicitFileType = wrapper.cfbundle; includeInIndex = 0; path = TumblrTests.xctest; sourceTree = BUILT_PRODUCTS_DIR; };
		B3311E841E8CBCB8009EB929 /* TumblrTests.swift */ = {isa = PBXFileReference; lastKnownFileType = sourcecode.swift; path = TumblrTests.swift; sourceTree = "<group>"; };
		B3311E861E8CBCB8009EB929 /* Info.plist */ = {isa = PBXFileReference; lastKnownFileType = text.plist.xml; path = Info.plist; sourceTree = "<group>"; };
		B3311E8B1E8CBCB8009EB929 /* TumblrUITests.xctest */ = {isa = PBXFileReference; explicitFileType = wrapper.cfbundle; includeInIndex = 0; path = TumblrUITests.xctest; sourceTree = BUILT_PRODUCTS_DIR; };
		B3311E8F1E8CBCB8009EB929 /* TumblrUITests.swift */ = {isa = PBXFileReference; lastKnownFileType = sourcecode.swift; path = TumblrUITests.swift; sourceTree = "<group>"; };
		B3311E911E8CBCB8009EB929 /* Info.plist */ = {isa = PBXFileReference; lastKnownFileType = text.plist.xml; path = Info.plist; sourceTree = "<group>"; };
/* End PBXFileReference section */

/* Begin PBXFrameworksBuildPhase section */
		B3311E691E8CBCB7009EB929 /* Frameworks */ = {
			isa = PBXFrameworksBuildPhase;
			buildActionMask = 2147483647;
			files = (
			);
			runOnlyForDeploymentPostprocessing = 0;
		};
		B3311E7D1E8CBCB8009EB929 /* Frameworks */ = {
			isa = PBXFrameworksBuildPhase;
			buildActionMask = 2147483647;
			files = (
			);
			runOnlyForDeploymentPostprocessing = 0;
		};
		B3311E881E8CBCB8009EB929 /* Frameworks */ = {
			isa = PBXFrameworksBuildPhase;
			buildActionMask = 2147483647;
			files = (
			);
			runOnlyForDeploymentPostprocessing = 0;
		};
/* End PBXFrameworksBuildPhase section */

/* Begin PBXGroup section */
		B3311E631E8CBCB7009EB929 = {
			isa = PBXGroup;
			children = (
				B3311E6E1E8CBCB7009EB929 /* Tumblr */,
				B3311E831E8CBCB8009EB929 /* TumblrTests */,
				B3311E8E1E8CBCB8009EB929 /* TumblrUITests */,
				B3311E6D1E8CBCB7009EB929 /* Products */,
			);
			sourceTree = "<group>";
		};
		B3311E6D1E8CBCB7009EB929 /* Products */ = {
			isa = PBXGroup;
			children = (
				B3311E6C1E8CBCB7009EB929 /* Tumblr.app */,
				B3311E801E8CBCB8009EB929 /* TumblrTests.xctest */,
				B3311E8B1E8CBCB8009EB929 /* TumblrUITests.xctest */,
			);
			name = Products;
			sourceTree = "<group>";
		};
		B3311E6E1E8CBCB7009EB929 /* Tumblr */ = {
			isa = PBXGroup;
			children = (
				B3311E6F1E8CBCB7009EB929 /* AppDelegate.swift */,
				B3311E711E8CBCB7009EB929 /* ViewController.swift */,
				B3311E731E8CBCB7009EB929 /* Main.storyboard */,
				B3311E761E8CBCB7009EB929 /* Assets.xcassets */,
				B3311E781E8CBCB7009EB929 /* LaunchScreen.storyboard */,
				B3311E7B1E8CBCB7009EB929 /* Info.plist */,
			);
			path = Tumblr;
			sourceTree = "<group>";
		};
		B3311E831E8CBCB8009EB929 /* TumblrTests */ = {
			isa = PBXGroup;
			children = (
				B3311E841E8CBCB8009EB929 /* TumblrTests.swift */,
				B3311E861E8CBCB8009EB929 /* Info.plist */,
			);
			path = TumblrTests;
			sourceTree = "<group>";
		};
		B3311E8E1E8CBCB8009EB929 /* TumblrUITests */ = {
			isa = PBXGroup;
			children = (
				B3311E8F1E8CBCB8009EB929 /* TumblrUITests.swift */,
				B3311E911E8CBCB8009EB929 /* Info.plist */,
			);
			path = TumblrUITests;
			sourceTree = "<group>";
		};
/* End PBXGroup section */

/* Begin PBXNativeTarget section */
		B3311E6B1E8CBCB7009EB929 /* Tumblr */ = {
			isa = PBXNativeTarget;
			buildConfigurationList = B3311E941E8CBCB8009EB929 /* Build configuration list for PBXNativeTarget "Tumblr" */;
			buildPhases = (
				B3311E681E8CBCB7009EB929 /* Sources */,
				B3311E691E8CBCB7009EB929 /* Frameworks */,
				B3311E6A1E8CBCB7009EB929 /* Resources */,
			);
			buildRules = (
			);
			dependencies = (
			);
			name = Tumblr;
			productName = Tumblr;
			productReference = B3311E6C1E8CBCB7009EB929 /* Tumblr.app */;
			productType = "com.apple.product-type.application";
		};
		B3311E7F1E8CBCB8009EB929 /* TumblrTests */ = {
			isa = PBXNativeTarget;
			buildConfigurationList = B3311E971E8CBCB8009EB929 /* Build configuration list for PBXNativeTarget "TumblrTests" */;
			buildPhases = (
				B3311E7C1E8CBCB8009EB929 /* Sources */,
				B3311E7D1E8CBCB8009EB929 /* Frameworks */,
				B3311E7E1E8CBCB8009EB929 /* Resources */,
			);
			buildRules = (
			);
			dependencies = (
				B3311E821E8CBCB8009EB929 /* PBXTargetDependency */,
			);
			name = TumblrTests;
			productName = TumblrTests;
			productReference = B3311E801E8CBCB8009EB929 /* TumblrTests.xctest */;
			productType = "com.apple.product-type.bundle.unit-test";
		};
		B3311E8A1E8CBCB8009EB929 /* TumblrUITests */ = {
			isa = PBXNativeTarget;
			buildConfigurationList = B3311E9A1E8CBCB8009EB929 /* Build configuration list for PBXNativeTarget "TumblrUITests" */;
			buildPhases = (
				B3311E871E8CBCB8009EB929 /* Sources */,
				B3311E881E8CBCB8009EB929 /* Frameworks */,
				B3311E891E8CBCB8009EB929 /* Resources */,
			);
			buildRules = (
			);
			dependencies = (
				B3311E8D1E8CBCB8009EB929 /* PBXTargetDependency */,
			);
			name = TumblrUITests;
			productName = TumblrUITests;
			productReference = B3311E8B1E8CBCB8009EB929 /* TumblrUITests.xctest */;
			productType = "com.apple.product-type.bundle.ui-testing";
		};
/* End PBXNativeTarget section */

/* Begin PBXProject section */
		B3311E641E8CBCB7009EB929 /* Project object */ = {
			isa = PBXProject;
			attributes = {
				LastSwiftUpdateCheck = 0820;
				LastUpgradeCheck = 0820;
				ORGANIZATIONNAME = "Angie Lal";
				TargetAttributes = {
					B3311E6B1E8CBCB7009EB929 = {
						CreatedOnToolsVersion = 8.2.1;
						ProvisioningStyle = Automatic;
					};
					B3311E7F1E8CBCB8009EB929 = {
						CreatedOnToolsVersion = 8.2.1;
						ProvisioningStyle = Automatic;
						TestTargetID = B3311E6B1E8CBCB7009EB929;
					};
					B3311E8A1E8CBCB8009EB929 = {
						CreatedOnToolsVersion = 8.2.1;
						ProvisioningStyle = Automatic;
						TestTargetID = B3311E6B1E8CBCB7009EB929;
					};
				};
			};
			buildConfigurationList = B3311E671E8CBCB7009EB929 /* Build configuration list for PBXProject "Tumblr" */;
			compatibilityVersion = "Xcode 3.2";
			developmentRegion = English;
			hasScannedForEncodings = 0;
			knownRegions = (
				en,
				Base,
			);
			mainGroup = B3311E631E8CBCB7009EB929;
			productRefGroup = B3311E6D1E8CBCB7009EB929 /* Products */;
			projectDirPath = "";
			projectRoot = "";
			targets = (
				B3311E6B1E8CBCB7009EB929 /* Tumblr */,
				B3311E7F1E8CBCB8009EB929 /* TumblrTests */,
				B3311E8A1E8CBCB8009EB929 /* TumblrUITests */,
			);
		};
/* End PBXProject section */

/* Begin PBXResourcesBuildPhase section */
		B3311E6A1E8CBCB7009EB929 /* Resources */ = {
			isa = PBXResourcesBuildPhase;
			buildActionMask = 2147483647;
			files = (
				B3311E7A1E8CBCB7009EB929 /* LaunchScreen.storyboard in Resources */,
				B3311E771E8CBCB7009EB929 /* Assets.xcassets in Resources */,
				B3311E751E8CBCB7009EB929 /* Main.storyboard in Resources */,
			);
			runOnlyForDeploymentPostprocessing = 0;
		};
		B3311E7E1E8CBCB8009EB929 /* Resources */ = {
			isa = PBXResourcesBuildPhase;
			buildActionMask = 2147483647;
			files = (
			);
			runOnlyForDeploymentPostprocessing = 0;
		};
		B3311E891E8CBCB8009EB929 /* Resources */ = {
			isa = PBXResourcesBuildPhase;
			buildActionMask = 2147483647;
			files = (
			);
			runOnlyForDeploymentPostprocessing = 0;
		};
/* End PBXResourcesBuildPhase section */

/* Begin PBXSourcesBuildPhase section */
		B3311E681E8CBCB7009EB929 /* Sources */ = {
			isa = PBXSourcesBuildPhase;
			buildActionMask = 2147483647;
			files = (
				B3311E721E8CBCB7009EB929 /* ViewController.swift in Sources */,
				B3311E701E8CBCB7009EB929 /* AppDelegate.swift in Sources */,
			);
			runOnlyForDeploymentPostprocessing = 0;
		};
		B3311E7C1E8CBCB8009EB929 /* Sources */ = {
			isa = PBXSourcesBuildPhase;
			buildActionMask = 2147483647;
			files = (
				B3311E851E8CBCB8009EB929 /* TumblrTests.swift in Sources */,
			);
			runOnlyForDeploymentPostprocessing = 0;
		};
		B3311E871E8CBCB8009EB929 /* Sources */ = {
			isa = PBXSourcesBuildPhase;
			buildActionMask = 2147483647;
			files = (
				B3311E901E8CBCB8009EB929 /* TumblrUITests.swift in Sources */,
			);
			runOnlyForDeploymentPostprocessing = 0;
		};
/* End PBXSourcesBuildPhase section */

/* Begin PBXTargetDependency section */
		B3311E821E8CBCB8009EB929 /* PBXTargetDependency */ = {
			isa = PBXTargetDependency;
			target = B3311E6B1E8CBCB7009EB929 /* Tumblr */;
			targetProxy = B3311E811E8CBCB8009EB929 /* PBXContainerItemProxy */;
		};
		B3311E8D1E8CBCB8009EB929 /* PBXTargetDependency */ = {
			isa = PBXTargetDependency;
			target = B3311E6B1E8CBCB7009EB929 /* Tumblr */;
			targetProxy = B3311E8C1E8CBCB8009EB929 /* PBXContainerItemProxy */;
		};
/* End PBXTargetDependency section */

/* Begin PBXVariantGroup section */
		B3311E731E8CBCB7009EB929 /* Main.storyboard */ = {
			isa = PBXVariantGroup;
			children = (
				B3311E741E8CBCB7009EB929 /* Base */,
			);
			name = Main.storyboard;
			sourceTree = "<group>";
		};
		B3311E781E8CBCB7009EB929 /* LaunchScreen.storyboard */ = {
			isa = PBXVariantGroup;
			children = (
				B3311E791E8CBCB7009EB929 /* Base */,
			);
			name = LaunchScreen.storyboard;
			sourceTree = "<group>";
		};
/* End PBXVariantGroup section */

/* Begin XCBuildConfiguration section */
		B3311E921E8CBCB8009EB929 /* Debug */ = {
			isa = XCBuildConfiguration;
			buildSettings = {
				ALWAYS_SEARCH_USER_PATHS = NO;
				CLANG_ANALYZER_NONNULL = YES;
				CLANG_CXX_LANGUAGE_STANDARD = "gnu++0x";
				CLANG_CXX_LIBRARY = "libc++";
				CLANG_ENABLE_MODULES = YES;
				CLANG_ENABLE_OBJC_ARC = YES;
				CLANG_WARN_BOOL_CONVERSION = YES;
				CLANG_WARN_CONSTANT_CONVERSION = YES;
				CLANG_WARN_DIRECT_OBJC_ISA_USAGE = YES_ERROR;
				CLANG_WARN_DOCUMENTATION_COMMENTS = YES;
				CLANG_WARN_EMPTY_BODY = YES;
				CLANG_WARN_ENUM_CONVERSION = YES;
				CLANG_WARN_INFINITE_RECURSION = YES;
				CLANG_WARN_INT_CONVERSION = YES;
				CLANG_WARN_OBJC_ROOT_CLASS = YES_ERROR;
				CLANG_WARN_SUSPICIOUS_MOVE = YES;
				CLANG_WARN_UNREACHABLE_CODE = YES;
				CLANG_WARN__DUPLICATE_METHOD_MATCH = YES;
				"CODE_SIGN_IDENTITY[sdk=iphoneos*]" = "iPhone Developer";
				COPY_PHASE_STRIP = NO;
				DEBUG_INFORMATION_FORMAT = dwarf;
				ENABLE_STRICT_OBJC_MSGSEND = YES;
				ENABLE_TESTABILITY = YES;
				GCC_C_LANGUAGE_STANDARD = gnu99;
				GCC_DYNAMIC_NO_PIC = NO;
				GCC_NO_COMMON_BLOCKS = YES;
				GCC_OPTIMIZATION_LEVEL = 0;
				GCC_PREPROCESSOR_DEFINITIONS = (
					"DEBUG=1",
					"$(inherited)",
				);
				GCC_WARN_64_TO_32_BIT_CONVERSION = YES;
				GCC_WARN_ABOUT_RETURN_TYPE = YES_ERROR;
				GCC_WARN_UNDECLARED_SELECTOR = YES;
				GCC_WARN_UNINITIALIZED_AUTOS = YES_AGGRESSIVE;
				GCC_WARN_UNUSED_FUNCTION = YES;
				GCC_WARN_UNUSED_VARIABLE = YES;
				IPHONEOS_DEPLOYMENT_TARGET = 10.2;
				MTL_ENABLE_DEBUG_INFO = YES;
				ONLY_ACTIVE_ARCH = YES;
				SDKROOT = iphoneos;
				SWIFT_ACTIVE_COMPILATION_CONDITIONS = DEBUG;
				SWIFT_OPTIMIZATION_LEVEL = "-Onone";
			};
			name = Debug;
		};
		B3311E931E8CBCB8009EB929 /* Release */ = {
			isa = XCBuildConfiguration;
			buildSettings = {
				ALWAYS_SEARCH_USER_PATHS = NO;
				CLANG_ANALYZER_NONNULL = YES;
				CLANG_CXX_LANGUAGE_STANDARD = "gnu++0x";
				CLANG_CXX_LIBRARY = "libc++";
				CLANG_ENABLE_MODULES = YES;
				CLANG_ENABLE_OBJC_ARC = YES;
				CLANG_WARN_BOOL_CONVERSION = YES;
				CLANG_WARN_CONSTANT_CONVERSION = YES;
				CLANG_WARN_DIRECT_OBJC_ISA_USAGE = YES_ERROR;
				CLANG_WARN_DOCUMENTATION_COMMENTS = YES;
				CLANG_WARN_EMPTY_BODY = YES;
				CLANG_WARN_ENUM_CONVERSION = YES;
				CLANG_WARN_INFINITE_RECURSION = YES;
				CLANG_WARN_INT_CONVERSION = YES;
				CLANG_WARN_OBJC_ROOT_CLASS = YES_ERROR;
				CLANG_WARN_SUSPICIOUS_MOVE = YES;
				CLANG_WARN_UNREACHABLE_CODE = YES;
				CLANG_WARN__DUPLICATE_METHOD_MATCH = YES;
				"CODE_SIGN_IDENTITY[sdk=iphoneos*]" = "iPhone Developer";
				COPY_PHASE_STRIP = NO;
				DEBUG_INFORMATION_FORMAT = "dwarf-with-dsym";
				ENABLE_NS_ASSERTIONS = NO;
				ENABLE_STRICT_OBJC_MSGSEND = YES;
				GCC_C_LANGUAGE_STANDARD = gnu99;
				GCC_NO_COMMON_BLOCKS = YES;
				GCC_WARN_64_TO_32_BIT_CONVERSION = YES;
				GCC_WARN_ABOUT_RETURN_TYPE = YES_ERROR;
				GCC_WARN_UNDECLARED_SELECTOR = YES;
				GCC_WARN_UNINITIALIZED_AUTOS = YES_AGGRESSIVE;
				GCC_WARN_UNUSED_FUNCTION = YES;
				GCC_WARN_UNUSED_VARIABLE = YES;
				IPHONEOS_DEPLOYMENT_TARGET = 10.2;
				MTL_ENABLE_DEBUG_INFO = NO;
				SDKROOT = iphoneos;
				SWIFT_OPTIMIZATION_LEVEL = "-Owholemodule";
				VALIDATE_PRODUCT = YES;
			};
			name = Release;
		};
		B3311E951E8CBCB8009EB929 /* Debug */ = {
			isa = XCBuildConfiguration;
			buildSettings = {
				ASSETCATALOG_COMPILER_APPICON_NAME = AppIcon;
				INFOPLIST_FILE = Tumblr/Info.plist;
				LD_RUNPATH_SEARCH_PATHS = "$(inherited) @executable_path/Frameworks";
				PRODUCT_BUNDLE_IDENTIFIER = com.angielal.Tumblr;
				PRODUCT_NAME = "$(TARGET_NAME)";
				SWIFT_VERSION = 3.0;
			};
			name = Debug;
		};
		B3311E961E8CBCB8009EB929 /* Release */ = {
			isa = XCBuildConfiguration;
			buildSettings = {
				ASSETCATALOG_COMPILER_APPICON_NAME = AppIcon;
				INFOPLIST_FILE = Tumblr/Info.plist;
				LD_RUNPATH_SEARCH_PATHS = "$(inherited) @executable_path/Frameworks";
				PRODUCT_BUNDLE_IDENTIFIER = com.angielal.Tumblr;
				PRODUCT_NAME = "$(TARGET_NAME)";
				SWIFT_VERSION = 3.0;
			};
			name = Release;
		};
		B3311E981E8CBCB8009EB929 /* Debug */ = {
			isa = XCBuildConfiguration;
			buildSettings = {
				ALWAYS_EMBED_SWIFT_STANDARD_LIBRARIES = YES;
				BUNDLE_LOADER = "$(TEST_HOST)";
				INFOPLIST_FILE = TumblrTests/Info.plist;
				LD_RUNPATH_SEARCH_PATHS = "$(inherited) @executable_path/Frameworks @loader_path/Frameworks";
				PRODUCT_BUNDLE_IDENTIFIER = com.angielal.TumblrTests;
				PRODUCT_NAME = "$(TARGET_NAME)";
				SWIFT_VERSION = 3.0;
				TEST_HOST = "$(BUILT_PRODUCTS_DIR)/Tumblr.app/Tumblr";
			};
			name = Debug;
		};
		B3311E991E8CBCB8009EB929 /* Release */ = {
			isa = XCBuildConfiguration;
			buildSettings = {
				ALWAYS_EMBED_SWIFT_STANDARD_LIBRARIES = YES;
				BUNDLE_LOADER = "$(TEST_HOST)";
				INFOPLIST_FILE = TumblrTests/Info.plist;
				LD_RUNPATH_SEARCH_PATHS = "$(inherited) @executable_path/Frameworks @loader_path/Frameworks";
				PRODUCT_BUNDLE_IDENTIFIER = com.angielal.TumblrTests;
				PRODUCT_NAME = "$(TARGET_NAME)";
				SWIFT_VERSION = 3.0;
				TEST_HOST = "$(BUILT_PRODUCTS_DIR)/Tumblr.app/Tumblr";
			};
			name = Release;
		};
		B3311E9B1E8CBCB8009EB929 /* Debug */ = {
			isa = XCBuildConfiguration;
			buildSettings = {
				ALWAYS_EMBED_SWIFT_STANDARD_LIBRARIES = YES;
				INFOPLIST_FILE = TumblrUITests/Info.plist;
				LD_RUNPATH_SEARCH_PATHS = "$(inherited) @executable_path/Frameworks @loader_path/Frameworks";
				PRODUCT_BUNDLE_IDENTIFIER = com.angielal.TumblrUITests;
				PRODUCT_NAME = "$(TARGET_NAME)";
				SWIFT_VERSION = 3.0;
				TEST_TARGET_NAME = Tumblr;
			};
			name = Debug;
		};
		B3311E9C1E8CBCB8009EB929 /* Release */ = {
			isa = XCBuildConfiguration;
			buildSettings = {
				ALWAYS_EMBED_SWIFT_STANDARD_LIBRARIES = YES;
				INFOPLIST_FILE = TumblrUITests/Info.plist;
				LD_RUNPATH_SEARCH_PATHS = "$(inherited) @executable_path/Frameworks @loader_path/Frameworks";
				PRODUCT_BUNDLE_IDENTIFIER = com.angielal.TumblrUITests;
				PRODUCT_NAME = "$(TARGET_NAME)";
				SWIFT_VERSION = 3.0;
				TEST_TARGET_NAME = Tumblr;
			};
			name = Release;
		};
/* End XCBuildConfiguration section */

/* Begin XCConfigurationList section */
		B3311E671E8CBCB7009EB929 /* Build configuration list for PBXProject "Tumblr" */ = {
			isa = XCConfigurationList;
			buildConfigurations = (
				B3311E921E8CBCB8009EB929 /* Debug */,
				B3311E931E8CBCB8009EB929 /* Release */,
			);
			defaultConfigurationIsVisible = 0;
			defaultConfigurationName = Release;
		};
		B3311E941E8CBCB8009EB929 /* Build configuration list for PBXNativeTarget "Tumblr" */ = {
			isa = XCConfigurationList;
			buildConfigurations = (
				B3311E951E8CBCB8009EB929 /* Debug */,
				B3311E961E8CBCB8009EB929 /* Release */,
			);
			defaultConfigurationIsVisible = 0;
		};
		B3311E971E8CBCB8009EB929 /* Build configuration list for PBXNativeTarget "TumblrTests" */ = {
			isa = XCConfigurationList;
			buildConfigurations = (
				B3311E981E8CBCB8009EB929 /* Debug */,
				B3311E991E8CBCB8009EB929 /* Release */,
			);
			defaultConfigurationIsVisible = 0;
		};
		B3311E9A1E8CBCB8009EB929 /* Build configuration list for PBXNativeTarget "TumblrUITests" */ = {
			isa = XCConfigurationList;
			buildConfigurations = (
				B3311E9B1E8CBCB8009EB929 /* Debug */,
				B3311E9C1E8CBCB8009EB929 /* Release */,
			);
			defaultConfigurationIsVisible = 0;
		};
/* End XCConfigurationList section */
	};
	rootObject = B3311E641E8CBCB7009EB929 /* Project object */;
}
